// !$*UTF8*$!
{
	archiveVersion = 1;
	classes = {
	};
	objectVersion = 48;
	objects = {

/* Begin PBXBuildFile section */
		3D14C1AC1F8FF6CD0014741B /* AppDelegate.swift in Sources */ = {isa = PBXBuildFile; fileRef = 3D14C1AB1F8FF6CD0014741B /* AppDelegate.swift */; };
		3D14C1AE1F8FF6CD0014741B /* ViewController.swift in Sources */ = {isa = PBXBuildFile; fileRef = 3D14C1AD1F8FF6CD0014741B /* ViewController.swift */; };
		3D14C1B11F8FF6CD0014741B /* Main.storyboard in Resources */ = {isa = PBXBuildFile; fileRef = 3D14C1AF1F8FF6CD0014741B /* Main.storyboard */; };
		3D14C1B31F8FF6CD0014741B /* Assets.xcassets in Resources */ = {isa = PBXBuildFile; fileRef = 3D14C1B21F8FF6CD0014741B /* Assets.xcassets */; };
		3D14C1B61F8FF6CD0014741B /* LaunchScreen.storyboard in Resources */ = {isa = PBXBuildFile; fileRef = 3D14C1B41F8FF6CD0014741B /* LaunchScreen.storyboard */; };
		3D14C1C11F8FF6CE0014741B /* Storm_ViewerTests.swift in Sources */ = {isa = PBXBuildFile; fileRef = 3D14C1C01F8FF6CE0014741B /* Storm_ViewerTests.swift */; };
		3D14C1CC1F8FF6CE0014741B /* Storm_ViewerUITests.swift in Sources */ = {isa = PBXBuildFile; fileRef = 3D14C1CB1F8FF6CE0014741B /* Storm_ViewerUITests.swift */; };
/* End PBXBuildFile section */

/* Begin PBXContainerItemProxy section */
		3D14C1BD1F8FF6CD0014741B /* PBXContainerItemProxy */ = {
			isa = PBXContainerItemProxy;
			containerPortal = 3D14C1A01F8FF6CD0014741B /* Project object */;
			proxyType = 1;
			remoteGlobalIDString = 3D14C1A71F8FF6CD0014741B;
			remoteInfo = "Storm Viewer";
		};
		3D14C1C81F8FF6CE0014741B /* PBXContainerItemProxy */ = {
			isa = PBXContainerItemProxy;
			containerPortal = 3D14C1A01F8FF6CD0014741B /* Project object */;
			proxyType = 1;
			remoteGlobalIDString = 3D14C1A71F8FF6CD0014741B;
			remoteInfo = "Storm Viewer";
		};
/* End PBXContainerItemProxy section */

/* Begin PBXFileReference section */
		3D14C1A81F8FF6CD0014741B /* Storm Viewer.app */ = {isa = PBXFileReference; explicitFileType = wrapper.application; includeInIndex = 0; path = "Storm Viewer.app"; sourceTree = BUILT_PRODUCTS_DIR; };
		3D14C1AB1F8FF6CD0014741B /* AppDelegate.swift */ = {isa = PBXFileReference; lastKnownFileType = sourcecode.swift; path = AppDelegate.swift; sourceTree = "<group>"; };
		3D14C1AD1F8FF6CD0014741B /* ViewController.swift */ = {isa = PBXFileReference; lastKnownFileType = sourcecode.swift; path = ViewController.swift; sourceTree = "<group>"; };
		3D14C1B01F8FF6CD0014741B /* Base */ = {isa = PBXFileReference; lastKnownFileType = file.storyboard; name = Base; path = Base.lproj/Main.storyboard; sourceTree = "<group>"; };
		3D14C1B21F8FF6CD0014741B /* Assets.xcassets */ = {isa = PBXFileReference; lastKnownFileType = folder.assetcatalog; path = Assets.xcassets; sourceTree = "<group>"; };
		3D14C1B51F8FF6CD0014741B /* Base */ = {isa = PBXFileReference; lastKnownFileType = file.storyboard; name = Base; path = Base.lproj/LaunchScreen.storyboard; sourceTree = "<group>"; };
		3D14C1B71F8FF6CD0014741B /* Info.plist */ = {isa = PBXFileReference; lastKnownFileType = text.plist.xml; path = Info.plist; sourceTree = "<group>"; };
		3D14C1BC1F8FF6CD0014741B /* Storm ViewerTests.xctest */ = {isa = PBXFileReference; explicitFileType = wrapper.cfbundle; includeInIndex = 0; path = "Storm ViewerTests.xctest"; sourceTree = BUILT_PRODUCTS_DIR; };
		3D14C1C01F8FF6CE0014741B /* Storm_ViewerTests.swift */ = {isa = PBXFileReference; lastKnownFileType = sourcecode.swift; path = Storm_ViewerTests.swift; sourceTree = "<group>"; };
		3D14C1C21F8FF6CE0014741B /* Info.plist */ = {isa = PBXFileReference; lastKnownFileType = text.plist.xml; path = Info.plist; sourceTree = "<group>"; };
		3D14C1C71F8FF6CE0014741B /* Storm ViewerUITests.xctest */ = {isa = PBXFileReference; explicitFileType = wrapper.cfbundle; includeInIndex = 0; path = "Storm ViewerUITests.xctest"; sourceTree = BUILT_PRODUCTS_DIR; };
		3D14C1CB1F8FF6CE0014741B /* Storm_ViewerUITests.swift */ = {isa = PBXFileReference; lastKnownFileType = sourcecode.swift; path = Storm_ViewerUITests.swift; sourceTree = "<group>"; };
		3D14C1CD1F8FF6CE0014741B /* Info.plist */ = {isa = PBXFileReference; lastKnownFileType = text.plist.xml; path = Info.plist; sourceTree = "<group>"; };
/* End PBXFileReference section */

/* Begin PBXFrameworksBuildPhase section */
		3D14C1A51F8FF6CD0014741B /* Frameworks */ = {
			isa = PBXFrameworksBuildPhase;
			buildActionMask = 2147483647;
			files = (
			);
			runOnlyForDeploymentPostprocessing = 0;
		};
		3D14C1B91F8FF6CD0014741B /* Frameworks */ = {
			isa = PBXFrameworksBuildPhase;
			buildActionMask = 2147483647;
			files = (
			);
			runOnlyForDeploymentPostprocessing = 0;
		};
		3D14C1C41F8FF6CE0014741B /* Frameworks */ = {
			isa = PBXFrameworksBuildPhase;
			buildActionMask = 2147483647;
			files = (
			);
			runOnlyForDeploymentPostprocessing = 0;
		};
/* End PBXFrameworksBuildPhase section */

/* Begin PBXGroup section */
		3D14C19F1F8FF6CD0014741B = {
			isa = PBXGroup;
			children = (
				3D14C1AA1F8FF6CD0014741B /* Storm Viewer */,
				3D14C1BF1F8FF6CE0014741B /* Storm ViewerTests */,
				3D14C1CA1F8FF6CE0014741B /* Storm ViewerUITests */,
				3D14C1A91F8FF6CD0014741B /* Products */,
			);
			sourceTree = "<group>";
		};
		3D14C1A91F8FF6CD0014741B /* Products */ = {
			isa = PBXGroup;
			children = (
				3D14C1A81F8FF6CD0014741B /* Storm Viewer.app */,
				3D14C1BC1F8FF6CD0014741B /* Storm ViewerTests.xctest */,
				3D14C1C71F8FF6CE0014741B /* Storm ViewerUITests.xctest */,
			);
			name = Products;
			sourceTree = "<group>";
		};
		3D14C1AA1F8FF6CD0014741B /* Storm Viewer */ = {
			isa = PBXGroup;
			children = (
				3D14C1AB1F8FF6CD0014741B /* AppDelegate.swift */,
				3D14C1AD1F8FF6CD0014741B /* ViewController.swift */,
				3D14C1AF1F8FF6CD0014741B /* Main.storyboard */,
				3D14C1B21F8FF6CD0014741B /* Assets.xcassets */,
				3D14C1B41F8FF6CD0014741B /* LaunchScreen.storyboard */,
				3D14C1B71F8FF6CD0014741B /* Info.plist */,
			);
			path = "Storm Viewer";
			sourceTree = "<group>";
		};
		3D14C1BF1F8FF6CE0014741B /* Storm ViewerTests */ = {
			isa = PBXGroup;
			children = (
				3D14C1C01F8FF6CE0014741B /* Storm_ViewerTests.swift */,
				3D14C1C21F8FF6CE0014741B /* Info.plist */,
			);
			path = "Storm ViewerTests";
			sourceTree = "<group>";
		};
		3D14C1CA1F8FF6CE0014741B /* Storm ViewerUITests */ = {
			isa = PBXGroup;
			children = (
				3D14C1CB1F8FF6CE0014741B /* Storm_ViewerUITests.swift */,
				3D14C1CD1F8FF6CE0014741B /* Info.plist */,
			);
			path = "Storm ViewerUITests";
			sourceTree = "<group>";
		};
/* End PBXGroup section */

/* Begin PBXNativeTarget section */
		3D14C1A71F8FF6CD0014741B /* Storm Viewer */ = {
			isa = PBXNativeTarget;
			buildConfigurationList = 3D14C1D01F8FF6CE0014741B /* Build configuration list for PBXNativeTarget "Storm Viewer" */;
			buildPhases = (
				3D14C1A41F8FF6CD0014741B /* Sources */,
				3D14C1A51F8FF6CD0014741B /* Frameworks */,
				3D14C1A61F8FF6CD0014741B /* Resources */,
			);
			buildRules = (
			);
			dependencies = (
			);
			name = "Storm Viewer";
			productName = "Storm Viewer";
			productReference = 3D14C1A81F8FF6CD0014741B /* Storm Viewer.app */;
			productType = "com.apple.product-type.application";
		};
		3D14C1BB1F8FF6CD0014741B /* Storm ViewerTests */ = {
			isa = PBXNativeTarget;
			buildConfigurationList = 3D14C1D31F8FF6CE0014741B /* Build configuration list for PBXNativeTarget "Storm ViewerTests" */;
			buildPhases = (
				3D14C1B81F8FF6CD0014741B /* Sources */,
				3D14C1B91F8FF6CD0014741B /* Frameworks */,
				3D14C1BA1F8FF6CD0014741B /* Resources */,
			);
			buildRules = (
			);
			dependencies = (
				3D14C1BE1F8FF6CD0014741B /* PBXTargetDependency */,
			);
			name = "Storm ViewerTests";
			productName = "Storm ViewerTests";
			productReference = 3D14C1BC1F8FF6CD0014741B /* Storm ViewerTests.xctest */;
			productType = "com.apple.product-type.bundle.unit-test";
		};
		3D14C1C61F8FF6CE0014741B /* Storm ViewerUITests */ = {
			isa = PBXNativeTarget;
			buildConfigurationList = 3D14C1D61F8FF6CE0014741B /* Build configuration list for PBXNativeTarget "Storm ViewerUITests" */;
			buildPhases = (
				3D14C1C31F8FF6CE0014741B /* Sources */,
				3D14C1C41F8FF6CE0014741B /* Frameworks */,
				3D14C1C51F8FF6CE0014741B /* Resources */,
			);
			buildRules = (
			);
			dependencies = (
				3D14C1C91F8FF6CE0014741B /* PBXTargetDependency */,
			);
			name = "Storm ViewerUITests";
			productName = "Storm ViewerUITests";
			productReference = 3D14C1C71F8FF6CE0014741B /* Storm ViewerUITests.xctest */;
			productType = "com.apple.product-type.bundle.ui-testing";
		};
/* End PBXNativeTarget section */

/* Begin PBXProject section */
		3D14C1A01F8FF6CD0014741B /* Project object */ = {
			isa = PBXProject;
			attributes = {
				LastSwiftUpdateCheck = 0900;
				LastUpgradeCheck = 0900;
				ORGANIZATIONNAME = "Daniel Gilbert";
				TargetAttributes = {
					3D14C1A71F8FF6CD0014741B = {
						CreatedOnToolsVersion = 9.0;
						ProvisioningStyle = Automatic;
					};
					3D14C1BB1F8FF6CD0014741B = {
						CreatedOnToolsVersion = 9.0;
						ProvisioningStyle = Automatic;
						TestTargetID = 3D14C1A71F8FF6CD0014741B;
					};
					3D14C1C61F8FF6CE0014741B = {
						CreatedOnToolsVersion = 9.0;
						ProvisioningStyle = Automatic;
						TestTargetID = 3D14C1A71F8FF6CD0014741B;
					};
				};
			};
			buildConfigurationList = 3D14C1A31F8FF6CD0014741B /* Build configuration list for PBXProject "Storm Viewer" */;
			compatibilityVersion = "Xcode 8.0";
			developmentRegion = en;
			hasScannedForEncodings = 0;
			knownRegions = (
				en,
				Base,
			);
			mainGroup = 3D14C19F1F8FF6CD0014741B;
			productRefGroup = 3D14C1A91F8FF6CD0014741B /* Products */;
			projectDirPath = "";
			projectRoot = "";
			targets = (
				3D14C1A71F8FF6CD0014741B /* Storm Viewer */,
				3D14C1BB1F8FF6CD0014741B /* Storm ViewerTests */,
				3D14C1C61F8FF6CE0014741B /* Storm ViewerUITests */,
			);
		};
/* End PBXProject section */

/* Begin PBXResourcesBuildPhase section */
		3D14C1A61F8FF6CD0014741B /* Resources */ = {
			isa = PBXResourcesBuildPhase;
			buildActionMask = 2147483647;
			files = (
				3D14C1B61F8FF6CD0014741B /* LaunchScreen.storyboard in Resources */,
				3D14C1B31F8FF6CD0014741B /* Assets.xcassets in Resources */,
				3D14C1B11F8FF6CD0014741B /* Main.storyboard in Resources */,
			);
			runOnlyForDeploymentPostprocessing = 0;
		};
		3D14C1BA1F8FF6CD0014741B /* Resources */ = {
			isa = PBXResourcesBuildPhase;
			buildActionMask = 2147483647;
			files = (
			);
			runOnlyForDeploymentPostprocessing = 0;
		};
		3D14C1C51F8FF6CE0014741B /* Resources */ = {
			isa = PBXResourcesBuildPhase;
			buildActionMask = 2147483647;
			files = (
			);
			runOnlyForDeploymentPostprocessing = 0;
		};
/* End PBXResourcesBuildPhase section */

/* Begin PBXSourcesBuildPhase section */
		3D14C1A41F8FF6CD0014741B /* Sources */ = {
			isa = PBXSourcesBuildPhase;
			buildActionMask = 2147483647;
			files = (
				3D14C1AE1F8FF6CD0014741B /* ViewController.swift in Sources */,
				3D14C1AC1F8FF6CD0014741B /* AppDelegate.swift in Sources */,
			);
			runOnlyForDeploymentPostprocessing = 0;
		};
		3D14C1B81F8FF6CD0014741B /* Sources */ = {
			isa = PBXSourcesBuildPhase;
			buildActionMask = 2147483647;
			files = (
				3D14C1C11F8FF6CE0014741B /* Storm_ViewerTests.swift in Sources */,
			);
			runOnlyForDeploymentPostprocessing = 0;
		};
		3D14C1C31F8FF6CE0014741B /* Sources */ = {
			isa = PBXSourcesBuildPhase;
			buildActionMask = 2147483647;
			files = (
				3D14C1CC1F8FF6CE0014741B /* Storm_ViewerUITests.swift in Sources */,
			);
			runOnlyForDeploymentPostprocessing = 0;
		};
/* End PBXSourcesBuildPhase section */

/* Begin PBXTargetDependency section */
		3D14C1BE1F8FF6CD0014741B /* PBXTargetDependency */ = {
			isa = PBXTargetDependency;
			target = 3D14C1A71F8FF6CD0014741B /* Storm Viewer */;
			targetProxy = 3D14C1BD1F8FF6CD0014741B /* PBXContainerItemProxy */;
		};
		3D14C1C91F8FF6CE0014741B /* PBXTargetDependency */ = {
			isa = PBXTargetDependency;
			target = 3D14C1A71F8FF6CD0014741B /* Storm Viewer */;
			targetProxy = 3D14C1C81F8FF6CE0014741B /* PBXContainerItemProxy */;
		};
/* End PBXTargetDependency section */

/* Begin PBXVariantGroup section */
		3D14C1AF1F8FF6CD0014741B /* Main.storyboard */ = {
			isa = PBXVariantGroup;
			children = (
				3D14C1B01F8FF6CD0014741B /* Base */,
			);
			name = Main.storyboard;
			sourceTree = "<group>";
		};
		3D14C1B41F8FF6CD0014741B /* LaunchScreen.storyboard */ = {
			isa = PBXVariantGroup;
			children = (
				3D14C1B51F8FF6CD0014741B /* Base */,
			);
			name = LaunchScreen.storyboard;
			sourceTree = "<group>";
		};
/* End PBXVariantGroup section */

/* Begin XCBuildConfiguration section */
		3D14C1CE1F8FF6CE0014741B /* Debug */ = {
			isa = XCBuildConfiguration;
			buildSettings = {
				ALWAYS_SEARCH_USER_PATHS = NO;
				CLANG_ANALYZER_NONNULL = YES;
				CLANG_ANALYZER_NUMBER_OBJECT_CONVERSION = YES_AGGRESSIVE;
				CLANG_CXX_LANGUAGE_STANDARD = "gnu++14";
				CLANG_CXX_LIBRARY = "libc++";
				CLANG_ENABLE_MODULES = YES;
				CLANG_ENABLE_OBJC_ARC = YES;
				CLANG_WARN_BLOCK_CAPTURE_AUTORELEASING = YES;
				CLANG_WARN_BOOL_CONVERSION = YES;
				CLANG_WARN_COMMA = YES;
				CLANG_WARN_CONSTANT_CONVERSION = YES;
				CLANG_WARN_DIRECT_OBJC_ISA_USAGE = YES_ERROR;
				CLANG_WARN_DOCUMENTATION_COMMENTS = YES;
				CLANG_WARN_EMPTY_BODY = YES;
				CLANG_WARN_ENUM_CONVERSION = YES;
				CLANG_WARN_INFINITE_RECURSION = YES;
				CLANG_WARN_INT_CONVERSION = YES;
				CLANG_WARN_NON_LITERAL_NULL_CONVERSION = YES;
				CLANG_WARN_OBJC_LITERAL_CONVERSION = YES;
				CLANG_WARN_OBJC_ROOT_CLASS = YES_ERROR;
				CLANG_WARN_RANGE_LOOP_ANALYSIS = YES;
				CLANG_WARN_STRICT_PROTOTYPES = YES;
				CLANG_WARN_SUSPICIOUS_MOVE = YES;
				CLANG_WARN_UNGUARDED_AVAILABILITY = YES_AGGRESSIVE;
				CLANG_WARN_UNREACHABLE_CODE = YES;
				CLANG_WARN__DUPLICATE_METHOD_MATCH = YES;
				CODE_SIGN_IDENTITY = "iPhone Developer";
				COPY_PHASE_STRIP = NO;
				DEBUG_INFORMATION_FORMAT = dwarf;
				ENABLE_STRICT_OBJC_MSGSEND = YES;
				ENABLE_TESTABILITY = YES;
				GCC_C_LANGUAGE_STANDARD = gnu11;
				GCC_DYNAMIC_NO_PIC = NO;
				GCC_NO_COMMON_BLOCKS = YES;
				GCC_OPTIMIZATION_LEVEL = 0;
				GCC_PREPROCESSOR_DEFINITIONS = (
					"DEBUG=1",
					"$(inherited)",
				);
				GCC_WARN_64_TO_32_BIT_CONVERSION = YES;
				GCC_WARN_ABOUT_RETURN_TYPE = YES_ERROR;
				GCC_WARN_UNDECLARED_SELECTOR = YES;
				GCC_WARN_UNINITIALIZED_AUTOS = YES_AGGRESSIVE;
				GCC_WARN_UNUSED_FUNCTION = YES;
				GCC_WARN_UNUSED_VARIABLE = YES;
				IPHONEOS_DEPLOYMENT_TARGET = 11.0;
				MTL_ENABLE_DEBUG_INFO = YES;
				ONLY_ACTIVE_ARCH = YES;
				SDKROOT = iphoneos;
				SWIFT_ACTIVE_COMPILATION_CONDITIONS = DEBUG;
				SWIFT_OPTIMIZATION_LEVEL = "-Onone";
			};
			name = Debug;
		};
		3D14C1CF1F8FF6CE0014741B /* Release */ = {
			isa = XCBuildConfiguration;
			buildSettings = {
				ALWAYS_SEARCH_USER_PATHS = NO;
				CLANG_ANALYZER_NONNULL = YES;
				CLANG_ANALYZER_NUMBER_OBJECT_CONVERSION = YES_AGGRESSIVE;
				CLANG_CXX_LANGUAGE_STANDARD = "gnu++14";
				CLANG_CXX_LIBRARY = "libc++";
				CLANG_ENABLE_MODULES = YES;
				CLANG_ENABLE_OBJC_ARC = YES;
				CLANG_WARN_BLOCK_CAPTURE_AUTORELEASING = YES;
				CLANG_WARN_BOOL_CONVERSION = YES;
				CLANG_WARN_COMMA = YES;
				CLANG_WARN_CONSTANT_CONVERSION = YES;
				CLANG_WARN_DIRECT_OBJC_ISA_USAGE = YES_ERROR;
				CLANG_WARN_DOCUMENTATION_COMMENTS = YES;
				CLANG_WARN_EMPTY_BODY = YES;
				CLANG_WARN_ENUM_CONVERSION = YES;
				CLANG_WARN_INFINITE_RECURSION = YES;
				CLANG_WARN_INT_CONVERSION = YES;
				CLANG_WARN_NON_LITERAL_NULL_CONVERSION = YES;
				CLANG_WARN_OBJC_LITERAL_CONVERSION = YES;
				CLANG_WARN_OBJC_ROOT_CLASS = YES_ERROR;
				CLANG_WARN_RANGE_LOOP_ANALYSIS = YES;
				CLANG_WARN_STRICT_PROTOTYPES = YES;
				CLANG_WARN_SUSPICIOUS_MOVE = YES;
				CLANG_WARN_UNGUARDED_AVAILABILITY = YES_AGGRESSIVE;
				CLANG_WARN_UNREACHABLE_CODE = YES;
				CLANG_WARN__DUPLICATE_METHOD_MATCH = YES;
				CODE_SIGN_IDENTITY = "iPhone Developer";
				COPY_PHASE_STRIP = NO;
				DEBUG_INFORMATION_FORMAT = "dwarf-with-dsym";
				ENABLE_NS_ASSERTIONS = NO;
				ENABLE_STRICT_OBJC_MSGSEND = YES;
				GCC_C_LANGUAGE_STANDARD = gnu11;
				GCC_NO_COMMON_BLOCKS = YES;
				GCC_WARN_64_TO_32_BIT_CONVERSION = YES;
				GCC_WARN_ABOUT_RETURN_TYPE = YES_ERROR;
				GCC_WARN_UNDECLARED_SELECTOR = YES;
				GCC_WARN_UNINITIALIZED_AUTOS = YES_AGGRESSIVE;
				GCC_WARN_UNUSED_FUNCTION = YES;
				GCC_WARN_UNUSED_VARIABLE = YES;
				IPHONEOS_DEPLOYMENT_TARGET = 11.0;
				MTL_ENABLE_DEBUG_INFO = NO;
				SDKROOT = iphoneos;
				SWIFT_OPTIMIZATION_LEVEL = "-Owholemodule";
				VALIDATE_PRODUCT = YES;
			};
			name = Release;
		};
		3D14C1D11F8FF6CE0014741B /* Debug */ = {
			isa = XCBuildConfiguration;
			buildSettings = {
				ASSETCATALOG_COMPILER_APPICON_NAME = AppIcon;
				CODE_SIGN_STYLE = Automatic;
				DEVELOPMENT_TEAM = 22S6G5S8V4;
				INFOPLIST_FILE = "Storm Viewer/Info.plist";
				LD_RUNPATH_SEARCH_PATHS = "$(inherited) @executable_path/Frameworks";
				PRODUCT_BUNDLE_IDENTIFIER = "com.spyder.Storm-Viewer";
				PRODUCT_NAME = "$(TARGET_NAME)";
				SWIFT_VERSION = 4.0;
				TARGETED_DEVICE_FAMILY = "1,2";
			};
			name = Debug;
		};
		3D14C1D21F8FF6CE0014741B /* Release */ = {
			isa = XCBuildConfiguration;
			buildSettings = {
				ASSETCATALOG_COMPILER_APPICON_NAME = AppIcon;
				CODE_SIGN_STYLE = Automatic;
				DEVELOPMENT_TEAM = 22S6G5S8V4;
				INFOPLIST_FILE = "Storm Viewer/Info.plist";
				LD_RUNPATH_SEARCH_PATHS = "$(inherited) @executable_path/Frameworks";
				PRODUCT_BUNDLE_IDENTIFIER = "com.spyder.Storm-Viewer";
				PRODUCT_NAME = "$(TARGET_NAME)";
				SWIFT_VERSION = 4.0;
				TARGETED_DEVICE_FAMILY = "1,2";
			};
			name = Release;
		};
		3D14C1D41F8FF6CE0014741B /* Debug */ = {
			isa = XCBuildConfiguration;
			buildSettings = {
				ALWAYS_EMBED_SWIFT_STANDARD_LIBRARIES = YES;
				BUNDLE_LOADER = "$(TEST_HOST)";
				CODE_SIGN_STYLE = Automatic;
				DEVELOPMENT_TEAM = 22S6G5S8V4;
				INFOPLIST_FILE = "Storm ViewerTests/Info.plist";
				LD_RUNPATH_SEARCH_PATHS = "$(inherited) @executable_path/Frameworks @loader_path/Frameworks";
				PRODUCT_BUNDLE_IDENTIFIER = "com.spyder.Storm-ViewerTests";
				PRODUCT_NAME = "$(TARGET_NAME)";
				SWIFT_VERSION = 4.0;
				TARGETED_DEVICE_FAMILY = "1,2";
				TEST_HOST = "$(BUILT_PRODUCTS_DIR)/Storm Viewer.app/Storm Viewer";
			};
			name = Debug;
		};
		3D14C1D51F8FF6CE0014741B /* Release */ = {
			isa = XCBuildConfiguration;
			buildSettings = {
				ALWAYS_EMBED_SWIFT_STANDARD_LIBRARIES = YES;
				BUNDLE_LOADER = "$(TEST_HOST)";
				CODE_SIGN_STYLE = Automatic;
				DEVELOPMENT_TEAM = 22S6G5S8V4;
				INFOPLIST_FILE = "Storm ViewerTests/Info.plist";
				LD_RUNPATH_SEARCH_PATHS = "$(inherited) @executable_path/Frameworks @loader_path/Frameworks";
				PRODUCT_BUNDLE_IDENTIFIER = "com.spyder.Storm-ViewerTests";
				PRODUCT_NAME = "$(TARGET_NAME)";
				SWIFT_VERSION = 4.0;
				TARGETED_DEVICE_FAMILY = "1,2";
				TEST_HOST = "$(BUILT_PRODUCTS_DIR)/Storm Viewer.app/Storm Viewer";
			};
			name = Release;
		};
		3D14C1D71F8FF6CE0014741B /* Debug */ = {
			isa = XCBuildConfiguration;
			buildSettings = {
				ALWAYS_EMBED_SWIFT_STANDARD_LIBRARIES = YES;
				CODE_SIGN_STYLE = Automatic;
				DEVELOPMENT_TEAM = 22S6G5S8V4;
				INFOPLIST_FILE = "Storm ViewerUITests/Info.plist";
				LD_RUNPATH_SEARCH_PATHS = "$(inherited) @executable_path/Frameworks @loader_path/Frameworks";
				PRODUCT_BUNDLE_IDENTIFIER = "com.spyder.Storm-ViewerUITests";
				PRODUCT_NAME = "$(TARGET_NAME)";
				SWIFT_VERSION = 4.0;
				TARGETED_DEVICE_FAMILY = "1,2";
				TEST_TARGET_NAME = "Storm Viewer";
			};
			name = Debug;
		};
		3D14C1D81F8FF6CE0014741B /* Release */ = {
			isa = XCBuildConfiguration;
			buildSettings = {
				ALWAYS_EMBED_SWIFT_STANDARD_LIBRARIES = YES;
				CODE_SIGN_STYLE = Automatic;
				DEVELOPMENT_TEAM = 22S6G5S8V4;
				INFOPLIST_FILE = "Storm ViewerUITests/Info.plist";
				LD_RUNPATH_SEARCH_PATHS = "$(inherited) @executable_path/Frameworks @loader_path/Frameworks";
				PRODUCT_BUNDLE_IDENTIFIER = "com.spyder.Storm-ViewerUITests";
				PRODUCT_NAME = "$(TARGET_NAME)";
				SWIFT_VERSION = 4.0;
				TARGETED_DEVICE_FAMILY = "1,2";
				TEST_TARGET_NAME = "Storm Viewer";
			};
			name = Release;
		};
/* End XCBuildConfiguration section */

/* Begin XCConfigurationList section */
		3D14C1A31F8FF6CD0014741B /* Build configuration list for PBXProject "Storm Viewer" */ = {
			isa = XCConfigurationList;
			buildConfigurations = (
				3D14C1CE1F8FF6CE0014741B /* Debug */,
				3D14C1CF1F8FF6CE0014741B /* Release */,
			);
			defaultConfigurationIsVisible = 0;
			defaultConfigurationName = Release;
		};
		3D14C1D01F8FF6CE0014741B /* Build configuration list for PBXNativeTarget "Storm Viewer" */ = {
			isa = XCConfigurationList;
			buildConfigurations = (
				3D14C1D11F8FF6CE0014741B /* Debug */,
				3D14C1D21F8FF6CE0014741B /* Release */,
			);
			defaultConfigurationIsVisible = 0;
			defaultConfigurationName = Release;
		};
		3D14C1D31F8FF6CE0014741B /* Build configuration list for PBXNativeTarget "Storm ViewerTests" */ = {
			isa = XCConfigurationList;
			buildConfigurations = (
				3D14C1D41F8FF6CE0014741B /* Debug */,
				3D14C1D51F8FF6CE0014741B /* Release */,
			);
			defaultConfigurationIsVisible = 0;
			defaultConfigurationName = Release;
		};
		3D14C1D61F8FF6CE0014741B /* Build configuration list for PBXNativeTarget "Storm ViewerUITests" */ = {
			isa = XCConfigurationList;
			buildConfigurations = (
				3D14C1D71F8FF6CE0014741B /* Debug */,
				3D14C1D81F8FF6CE0014741B /* Release */,
			);
			defaultConfigurationIsVisible = 0;
			defaultConfigurationName = Release;
		};
/* End XCConfigurationList section */
	};
	rootObject = 3D14C1A01F8FF6CD0014741B /* Project object */;
}
